// !$*UTF8*$!
{
	archiveVersion = 1;
	classes = {
	};
	objectVersion = 77;
	objects = {

/* Begin PBXBuildFile section */
		59A0814F2E97B55C0089187E /* GoogleService-Info.plist in Resources */ = {isa = PBXBuildFile; fileRef = 59A0814E2E97B55B0089187E /* GoogleService-Info.plist */; };
		59A081522E97C1CC0089187E /* FirebaseAuth in Frameworks */ = {isa = PBXBuildFile; productRef = 59A081512E97C1CC0089187E /* FirebaseAuth */; };
		59A081542E97C1CC0089187E /* FirebaseFirestore in Frameworks */ = {isa = PBXBuildFile; productRef = 59A081532E97C1CC0089187E /* FirebaseFirestore */; };
		59A081562E97C1CC0089187E /* FirebaseStorage in Frameworks */ = {isa = PBXBuildFile; productRef = 59A081552E97C1CC0089187E /* FirebaseStorage */; };
/* End PBXBuildFile section */

/* Begin PBXContainerItemProxy section */
		59A080F42E97A8310089187E /* PBXContainerItemProxy */ = {
			isa = PBXContainerItemProxy;
			containerPortal = 59A080DE2E97A82E0089187E /* Project object */;
			proxyType = 1;
			remoteGlobalIDString = 59A080E52E97A82E0089187E;
			remoteInfo = GAGA;
		};
		59A080FE2E97A8310089187E /* PBXContainerItemProxy */ = {
			isa = PBXContainerItemProxy;
			containerPortal = 59A080DE2E97A82E0089187E /* Project object */;
			proxyType = 1;
			remoteGlobalIDString = 59A080E52E97A82E0089187E;
			remoteInfo = GAGA;
		};
/* End PBXContainerItemProxy section */

/* Begin PBXFileReference section */
		59A080E62E97A82E0089187E /* GAGA.app */ = {isa = PBXFileReference; explicitFileType = wrapper.application; includeInIndex = 0; path = GAGA.app; sourceTree = BUILT_PRODUCTS_DIR; };
		59A080F32E97A8310089187E /* GAGATests.xctest */ = {isa = PBXFileReference; explicitFileType = wrapper.cfbundle; includeInIndex = 0; path = GAGATests.xctest; sourceTree = BUILT_PRODUCTS_DIR; };
		59A080FD2E97A8310089187E /* GAGAUITests.xctest */ = {isa = PBXFileReference; explicitFileType = wrapper.cfbundle; includeInIndex = 0; path = GAGAUITests.xctest; sourceTree = BUILT_PRODUCTS_DIR; };
		59A0814E2E97B55B0089187E /* GoogleService-Info.plist */ = {isa = PBXFileReference; lastKnownFileType = text.plist.xml; path = "GoogleService-Info.plist"; sourceTree = "<group>"; };
/* End PBXFileReference section */

/* Begin PBXFileSystemSynchronizedRootGroup section */
		59A080E82E97A82E0089187E /* GAGA */ = {
			isa = PBXFileSystemSynchronizedRootGroup;
			path = GAGA;
			sourceTree = "<group>";
		};
		59A080F62E97A8310089187E /* GAGATests */ = {
			isa = PBXFileSystemSynchronizedRootGroup;
			path = GAGATests;
			sourceTree = "<group>";
		};
		59A081002E97A8310089187E /* GAGAUITests */ = {
			isa = PBXFileSystemSynchronizedRootGroup;
			path = GAGAUITests;
			sourceTree = "<group>";
		};
/* End PBXFileSystemSynchronizedRootGroup section */

/* Begin PBXFrameworksBuildPhase section */
		59A080E32E97A82E0089187E /* Frameworks */ = {
			isa = PBXFrameworksBuildPhase;
			buildActionMask = 2147483647;
			files = (
				59A081522E97C1CC0089187E /* FirebaseAuth in Frameworks */,
				59A081542E97C1CC0089187E /* FirebaseFirestore in Frameworks */,
				59A081562E97C1CC0089187E /* FirebaseStorage in Frameworks */,
			);
			runOnlyForDeploymentPostprocessing = 0;
		};
		59A080F02E97A8310089187E /* Frameworks */ = {
			isa = PBXFrameworksBuildPhase;
			buildActionMask = 2147483647;
			files = (
			);
			runOnlyForDeploymentPostprocessing = 0;
		};
		59A080FA2E97A8310089187E /* Frameworks */ = {
			isa = PBXFrameworksBuildPhase;
			buildActionMask = 2147483647;
			files = (
			);
			runOnlyForDeploymentPostprocessing = 0;
		};
/* End PBXFrameworksBuildPhase section */

/* Begin PBXGroup section */
		59A080DD2E97A82E0089187E = {
			isa = PBXGroup;
			children = (
				59A0814E2E97B55B0089187E /* GoogleService-Info.plist */,
				59A080E82E97A82E0089187E /* GAGA */,
				59A080F62E97A8310089187E /* GAGATests */,
				59A081002E97A8310089187E /* GAGAUITests */,
				59A080E72E97A82E0089187E /* Products */,
			);
			sourceTree = "<group>";
		};
		59A080E72E97A82E0089187E /* Products */ = {
			isa = PBXGroup;
			children = (
				59A080E62E97A82E0089187E /* GAGA.app */,
				59A080F32E97A8310089187E /* GAGATests.xctest */,
				59A080FD2E97A8310089187E /* GAGAUITests.xctest */,
			);
			name = Products;
			sourceTree = "<group>";
		};
/* End PBXGroup section */

/* Begin PBXNativeTarget section */
		59A080E52E97A82E0089187E /* GAGA */ = {
			isa = PBXNativeTarget;
			buildConfigurationList = 59A081072E97A8310089187E /* Build configuration list for PBXNativeTarget "GAGA" */;
			buildPhases = (
				59A080E22E97A82E0089187E /* Sources */,
				59A080E32E97A82E0089187E /* Frameworks */,
				59A080E42E97A82E0089187E /* Resources */,
			);
			buildRules = (
			);
			dependencies = (
			);
			fileSystemSynchronizedGroups = (
				59A080E82E97A82E0089187E /* GAGA */,
			);
			name = GAGA;
			packageProductDependencies = (
				59A081512E97C1CC0089187E /* FirebaseAuth */,
				59A081532E97C1CC0089187E /* FirebaseFirestore */,
				59A081552E97C1CC0089187E /* FirebaseStorage */,
			);
			productName = GAGA;
			productReference = 59A080E62E97A82E0089187E /* GAGA.app */;
			productType = "com.apple.product-type.application";
		};
		59A080F22E97A8310089187E /* GAGATests */ = {
			isa = PBXNativeTarget;
			buildConfigurationList = 59A0810A2E97A8310089187E /* Build configuration list for PBXNativeTarget "GAGATests" */;
			buildPhases = (
				59A080EF2E97A8310089187E /* Sources */,
				59A080F02E97A8310089187E /* Frameworks */,
				59A080F12E97A8310089187E /* Resources */,
			);
			buildRules = (
			);
			dependencies = (
				59A080F52E97A8310089187E /* PBXTargetDependency */,
			);
			fileSystemSynchronizedGroups = (
				59A080F62E97A8310089187E /* GAGATests */,
			);
			name = GAGATests;
			packageProductDependencies = (
			);
			productName = GAGATests;
			productReference = 59A080F32E97A8310089187E /* GAGATests.xctest */;
			productType = "com.apple.product-type.bundle.unit-test";
		};
		59A080FC2E97A8310089187E /* GAGAUITests */ = {
			isa = PBXNativeTarget;
			buildConfigurationList = 59A0810D2E97A8310089187E /* Build configuration list for PBXNativeTarget "GAGAUITests" */;
			buildPhases = (
				59A080F92E97A8310089187E /* Sources */,
				59A080FA2E97A8310089187E /* Frameworks */,
				59A080FB2E97A8310089187E /* Resources */,
			);
			buildRules = (
			);
			dependencies = (
				59A080FF2E97A8310089187E /* PBXTargetDependency */,
			);
			fileSystemSynchronizedGroups = (
				59A081002E97A8310089187E /* GAGAUITests */,
			);
			name = GAGAUITests;
			packageProductDependencies = (
			);
			productName = GAGAUITests;
			productReference = 59A080FD2E97A8310089187E /* GAGAUITests.xctest */;
			productType = "com.apple.product-type.bundle.ui-testing";
		};
/* End PBXNativeTarget section */

/* Begin PBXProject section */
		59A080DE2E97A82E0089187E /* Project object */ = {
			isa = PBXProject;
			attributes = {
				BuildIndependentTargetsInParallel = 1;
				LastSwiftUpdateCheck = 1640;
				LastUpgradeCheck = 1640;
				TargetAttributes = {
					59A080E52E97A82E0089187E = {
						CreatedOnToolsVersion = 16.4;
					};
					59A080F22E97A8310089187E = {
						CreatedOnToolsVersion = 16.4;
						TestTargetID = 59A080E52E97A82E0089187E;
					};
					59A080FC2E97A8310089187E = {
						CreatedOnToolsVersion = 16.4;
						TestTargetID = 59A080E52E97A82E0089187E;
					};
				};
			};
			buildConfigurationList = 59A080E12E97A82E0089187E /* Build configuration list for PBXProject "GAGA" */;
			developmentRegion = en;
			hasScannedForEncodings = 0;
			knownRegions = (
				en,
				Base,
			);
			mainGroup = 59A080DD2E97A82E0089187E;
			minimizedProjectReferenceProxies = 1;
			packageReferences = (
				59A081502E97C1CC0089187E /* XCRemoteSwiftPackageReference "firebase-ios-sdk" */,
			);
			preferredProjectObjectVersion = 77;
			productRefGroup = 59A080E72E97A82E0089187E /* Products */;
			projectDirPath = "";
			projectRoot = "";
			targets = (
				59A080E52E97A82E0089187E /* GAGA */,
				59A080F22E97A8310089187E /* GAGATests */,
				59A080FC2E97A8310089187E /* GAGAUITests */,
			);
		};
/* End PBXProject section */

/* Begin PBXResourcesBuildPhase section */
		59A080E42E97A82E0089187E /* Resources */ = {
			isa = PBXResourcesBuildPhase;
			buildActionMask = 2147483647;
			files = (
				59A0814F2E97B55C0089187E /* GoogleService-Info.plist in Resources */,
			);
			runOnlyForDeploymentPostprocessing = 0;
		};
		59A080F12E97A8310089187E /* Resources */ = {
			isa = PBXResourcesBuildPhase;
			buildActionMask = 2147483647;
			files = (
			);
			runOnlyForDeploymentPostprocessing = 0;
		};
		59A080FB2E97A8310089187E /* Resources */ = {
			isa = PBXResourcesBuildPhase;
			buildActionMask = 2147483647;
			files = (
			);
			runOnlyForDeploymentPostprocessing = 0;
		};
/* End PBXResourcesBuildPhase section */

/* Begin PBXSourcesBuildPhase section */
		59A080E22E97A82E0089187E /* Sources */ = {
			isa = PBXSourcesBuildPhase;
			buildActionMask = 2147483647;
			files = (
			);
			runOnlyForDeploymentPostprocessing = 0;
		};
		59A080EF2E97A8310089187E /* Sources */ = {
			isa = PBXSourcesBuildPhase;
			buildActionMask = 2147483647;
			files = (
			);
			runOnlyForDeploymentPostprocessing = 0;
		};
		59A080F92E97A8310089187E /* Sources */ = {
			isa = PBXSourcesBuildPhase;
			buildActionMask = 2147483647;
			files = (
			);
			runOnlyForDeploymentPostprocessing = 0;
		};
/* End PBXSourcesBuildPhase section */

/* Begin PBXTargetDependency section */
		59A080F52E97A8310089187E /* PBXTargetDependency */ = {
			isa = PBXTargetDependency;
			target = 59A080E52E97A82E0089187E /* GAGA */;
			targetProxy = 59A080F42E97A8310089187E /* PBXContainerItemProxy */;
		};
		59A080FF2E97A8310089187E /* PBXTargetDependency */ = {
			isa = PBXTargetDependency;
			target = 59A080E52E97A82E0089187E /* GAGA */;
			targetProxy = 59A080FE2E97A8310089187E /* PBXContainerItemProxy */;
		};
/* End PBXTargetDependency section */

/* Begin XCBuildConfiguration section */
		59A081052E97A8310089187E /* Debug */ = {
			isa = XCBuildConfiguration;
			buildSettings = {
				ALWAYS_SEARCH_USER_PATHS = NO;
				ASSETCATALOG_COMPILER_GENERATE_SWIFT_ASSET_SYMBOL_EXTENSIONS = YES;
				CLANG_ANALYZER_NONNULL = YES;
				CLANG_ANALYZER_NUMBER_OBJECT_CONVERSION = YES_AGGRESSIVE;
				CLANG_CXX_LANGUAGE_STANDARD = "gnu++20";
				CLANG_ENABLE_MODULES = YES;
				CLANG_ENABLE_OBJC_ARC = YES;
				CLANG_ENABLE_OBJC_WEAK = YES;
				CLANG_WARN_BLOCK_CAPTURE_AUTORELEASING = YES;
				CLANG_WARN_BOOL_CONVERSION = YES;
				CLANG_WARN_COMMA = YES;
				CLANG_WARN_CONSTANT_CONVERSION = YES;
				CLANG_WARN_DEPRECATED_OBJC_IMPLEMENTATIONS = YES;
				CLANG_WARN_DIRECT_OBJC_ISA_USAGE = YES_ERROR;
				CLANG_WARN_DOCUMENTATION_COMMENTS = YES;
				CLANG_WARN_EMPTY_BODY = YES;
				CLANG_WARN_ENUM_CONVERSION = YES;
				CLANG_WARN_INFINITE_RECURSION = YES;
				CLANG_WARN_INT_CONVERSION = YES;
				CLANG_WARN_NON_LITERAL_NULL_CONVERSION = YES;
				CLANG_WARN_OBJC_IMPLICIT_RETAIN_SELF = YES;
				CLANG_WARN_OBJC_LITERAL_CONVERSION = YES;
				CLANG_WARN_OBJC_ROOT_CLASS = YES_ERROR;
				CLANG_WARN_QUOTED_INCLUDE_IN_FRAMEWORK_HEADER = YES;
				CLANG_WARN_RANGE_LOOP_ANALYSIS = YES;
				CLANG_WARN_STRICT_PROTOTYPES = YES;
				CLANG_WARN_SUSPICIOUS_MOVE = YES;
				CLANG_WARN_UNGUARDED_AVAILABILITY = YES_AGGRESSIVE;
				CLANG_WARN_UNREACHABLE_CODE = YES;
				CLANG_WARN__DUPLICATE_METHOD_MATCH = YES;
				COPY_PHASE_STRIP = NO;
				DEBUG_INFORMATION_FORMAT = dwarf;
				DEVELOPMENT_TEAM = LKD5YP2DRM;
				ENABLE_STRICT_OBJC_MSGSEND = YES;
				ENABLE_TESTABILITY = YES;
				ENABLE_USER_SCRIPT_SANDBOXING = YES;
				GCC_C_LANGUAGE_STANDARD = gnu17;
				GCC_DYNAMIC_NO_PIC = NO;
				GCC_NO_COMMON_BLOCKS = YES;
				GCC_OPTIMIZATION_LEVEL = 0;
				GCC_PREPROCESSOR_DEFINITIONS = (
					"DEBUG=1",
					"$(inherited)",
				);
				GCC_WARN_64_TO_32_BIT_CONVERSION = YES;
				GCC_WARN_ABOUT_RETURN_TYPE = YES_ERROR;
				GCC_WARN_UNDECLARED_SELECTOR = YES;
				GCC_WARN_UNINITIALIZED_AUTOS = YES_AGGRESSIVE;
				GCC_WARN_UNUSED_FUNCTION = YES;
				GCC_WARN_UNUSED_VARIABLE = YES;
				IPHONEOS_DEPLOYMENT_TARGET = 18.5;
				LOCALIZATION_PREFERS_STRING_CATALOGS = YES;
				MTL_ENABLE_DEBUG_INFO = INCLUDE_SOURCE;
				MTL_FAST_MATH = YES;
				ONLY_ACTIVE_ARCH = YES;
				SDKROOT = iphoneos;
				SWIFT_ACTIVE_COMPILATION_CONDITIONS = "DEBUG $(inherited)";
				SWIFT_OPTIMIZATION_LEVEL = "-Onone";
			};
			name = Debug;
		};
		59A081062E97A8310089187E /* Release */ = {
			isa = XCBuildConfiguration;
			buildSettings = {
				ALWAYS_SEARCH_USER_PATHS = NO;
				ASSETCATALOG_COMPILER_GENERATE_SWIFT_ASSET_SYMBOL_EXTENSIONS = YES;
				CLANG_ANALYZER_NONNULL = YES;
				CLANG_ANALYZER_NUMBER_OBJECT_CONVERSION = YES_AGGRESSIVE;
				CLANG_CXX_LANGUAGE_STANDARD = "gnu++20";
				CLANG_ENABLE_MODULES = YES;
				CLANG_ENABLE_OBJC_ARC = YES;
				CLANG_ENABLE_OBJC_WEAK = YES;
				CLANG_WARN_BLOCK_CAPTURE_AUTORELEASING = YES;
				CLANG_WARN_BOOL_CONVERSION = YES;
				CLANG_WARN_COMMA = YES;
				CLANG_WARN_CONSTANT_CONVERSION = YES;
				CLANG_WARN_DEPRECATED_OBJC_IMPLEMENTATIONS = YES;
				CLANG_WARN_DIRECT_OBJC_ISA_USAGE = YES_ERROR;
				CLANG_WARN_DOCUMENTATION_COMMENTS = YES;
				CLANG_WARN_EMPTY_BODY = YES;
				CLANG_WARN_ENUM_CONVERSION = YES;
				CLANG_WARN_INFINITE_RECURSION = YES;
				CLANG_WARN_INT_CONVERSION = YES;
				CLANG_WARN_NON_LITERAL_NULL_CONVERSION = YES;
				CLANG_WARN_OBJC_IMPLICIT_RETAIN_SELF = YES;
				CLANG_WARN_OBJC_LITERAL_CONVERSION = YES;
				CLANG_WARN_OBJC_ROOT_CLASS = YES_ERROR;
				CLANG_WARN_QUOTED_INCLUDE_IN_FRAMEWORK_HEADER = YES;
				CLANG_WARN_RANGE_LOOP_ANALYSIS = YES;
				CLANG_WARN_STRICT_PROTOTYPES = YES;
				CLANG_WARN_SUSPICIOUS_MOVE = YES;
				CLANG_WARN_UNGUARDED_AVAILABILITY = YES_AGGRESSIVE;
				CLANG_WARN_UNREACHABLE_CODE = YES;
				CLANG_WARN__DUPLICATE_METHOD_MATCH = YES;
				COPY_PHASE_STRIP = NO;
				DEBUG_INFORMATION_FORMAT = "dwarf-with-dsym";
				DEVELOPMENT_TEAM = LKD5YP2DRM;
				ENABLE_NS_ASSERTIONS = NO;
				ENABLE_STRICT_OBJC_MSGSEND = YES;
				ENABLE_USER_SCRIPT_SANDBOXING = YES;
				GCC_C_LANGUAGE_STANDARD = gnu17;
				GCC_NO_COMMON_BLOCKS = YES;
				GCC_WARN_64_TO_32_BIT_CONVERSION = YES;
				GCC_WARN_ABOUT_RETURN_TYPE = YES_ERROR;
				GCC_WARN_UNDECLARED_SELECTOR = YES;
				GCC_WARN_UNINITIALIZED_AUTOS = YES_AGGRESSIVE;
				GCC_WARN_UNUSED_FUNCTION = YES;
				GCC_WARN_UNUSED_VARIABLE = YES;
				IPHONEOS_DEPLOYMENT_TARGET = 18.5;
				LOCALIZATION_PREFERS_STRING_CATALOGS = YES;
				MTL_ENABLE_DEBUG_INFO = NO;
				MTL_FAST_MATH = YES;
				SDKROOT = iphoneos;
				SWIFT_COMPILATION_MODE = wholemodule;
				VALIDATE_PRODUCT = YES;
			};
			name = Release;
		};
		59A081082E97A8310089187E /* Debug */ = {
			isa = XCBuildConfiguration;
			buildSettings = {
				ASSETCATALOG_COMPILER_APPICON_NAME = AppIcon;
				ASSETCATALOG_COMPILER_GLOBAL_ACCENT_COLOR_NAME = AccentColor;
				CODE_SIGN_STYLE = Automatic;
				CURRENT_PROJECT_VERSION = 1;
				DEVELOPMENT_TEAM = LKD5YP2DRM;
				ENABLE_PREVIEWS = YES;
				GENERATE_INFOPLIST_FILE = YES;
				INFOPLIST_KEY_UIApplicationSceneManifest_Generation = YES;
				INFOPLIST_KEY_UIApplicationSupportsIndirectInputEvents = YES;
				INFOPLIST_KEY_UILaunchScreen_Generation = YES;
				INFOPLIST_KEY_UISupportedInterfaceOrientations_iPad = "UIInterfaceOrientationPortrait UIInterfaceOrientationPortraitUpsideDown UIInterfaceOrientationLandscapeLeft UIInterfaceOrientationLandscapeRight";
				INFOPLIST_KEY_UISupportedInterfaceOrientations_iPhone = "UIInterfaceOrientationPortrait UIInterfaceOrientationLandscapeLeft UIInterfaceOrientationLandscapeRight";
				LD_RUNPATH_SEARCH_PATHS = (
					"$(inherited)",
					"@executable_path/Frameworks",
				);
				MARKETING_VERSION = 1.0;
				PRODUCT_BUNDLE_IDENTIFIER = com.hondamanato.GAGA;
				PRODUCT_NAME = "$(TARGET_NAME)";
				SWIFT_EMIT_LOC_STRINGS = YES;
				SWIFT_VERSION = 5.0;
				TARGETED_DEVICE_FAMILY = "1,2";
			};
			name = Debug;
		};
		59A081092E97A8310089187E /* Release */ = {
			isa = XCBuildConfiguration;
			buildSettings = {
				ASSETCATALOG_COMPILER_APPICON_NAME = AppIcon;
				ASSETCATALOG_COMPILER_GLOBAL_ACCENT_COLOR_NAME = AccentColor;
				CODE_SIGN_STYLE = Automatic;
				CURRENT_PROJECT_VERSION = 1;
				DEVELOPMENT_TEAM = LKD5YP2DRM;
				ENABLE_PREVIEWS = YES;
				GENERATE_INFOPLIST_FILE = YES;
				INFOPLIST_KEY_UIApplicationSceneManifest_Generation = YES;
				INFOPLIST_KEY_UIApplicationSupportsIndirectInputEvents = YES;
				INFOPLIST_KEY_UILaunchScreen_Generation = YES;
				INFOPLIST_KEY_UISupportedInterfaceOrientations_iPad = "UIInterfaceOrientationPortrait UIInterfaceOrientationPortraitUpsideDown UIInterfaceOrientationLandscapeLeft UIInterfaceOrientationLandscapeRight";
				INFOPLIST_KEY_UISupportedInterfaceOrientations_iPhone = "UIInterfaceOrientationPortrait UIInterfaceOrientationLandscapeLeft UIInterfaceOrientationLandscapeRight";
				LD_RUNPATH_SEARCH_PATHS = (
					"$(inherited)",
					"@executable_path/Frameworks",
				);
				MARKETING_VERSION = 1.0;
				PRODUCT_BUNDLE_IDENTIFIER = com.hondamanato.GAGA;
				PRODUCT_NAME = "$(TARGET_NAME)";
				SWIFT_EMIT_LOC_STRINGS = YES;
				SWIFT_VERSION = 5.0;
				TARGETED_DEVICE_FAMILY = "1,2";
			};
			name = Release;
		};
		59A0810B2E97A8310089187E /* Debug */ = {
			isa = XCBuildConfiguration;
			buildSettings = {
				BUNDLE_LOADER = "$(TEST_HOST)";
				CODE_SIGN_STYLE = Automatic;
				CURRENT_PROJECT_VERSION = 1;
				DEVELOPMENT_TEAM = LKD5YP2DRM;
				GENERATE_INFOPLIST_FILE = YES;
				IPHONEOS_DEPLOYMENT_TARGET = 18.5;
				MARKETING_VERSION = 1.0;
				PRODUCT_BUNDLE_IDENTIFIER = com.hondamanato.GAGATests;
				PRODUCT_NAME = "$(TARGET_NAME)";
				SWIFT_EMIT_LOC_STRINGS = NO;
				SWIFT_VERSION = 5.0;
				TARGETED_DEVICE_FAMILY = "1,2";
				TEST_HOST = "$(BUILT_PRODUCTS_DIR)/GAGA.app/$(BUNDLE_EXECUTABLE_FOLDER_PATH)/GAGA";
			};
			name = Debug;
		};
		59A0810C2E97A8310089187E /* Release */ = {
			isa = XCBuildConfiguration;
			buildSettings = {
				BUNDLE_LOADER = "$(TEST_HOST)";
				CODE_SIGN_STYLE = Automatic;
				CURRENT_PROJECT_VERSION = 1;
				DEVELOPMENT_TEAM = LKD5YP2DRM;
				GENERATE_INFOPLIST_FILE = YES;
				IPHONEOS_DEPLOYMENT_TARGET = 18.5;
				MARKETING_VERSION = 1.0;
				PRODUCT_BUNDLE_IDENTIFIER = com.hondamanato.GAGATests;
				PRODUCT_NAME = "$(TARGET_NAME)";
				SWIFT_EMIT_LOC_STRINGS = NO;
				SWIFT_VERSION = 5.0;
				TARGETED_DEVICE_FAMILY = "1,2";
				TEST_HOST = "$(BUILT_PRODUCTS_DIR)/GAGA.app/$(BUNDLE_EXECUTABLE_FOLDER_PATH)/GAGA";
			};
			name = Release;
		};
		59A0810E2E97A8310089187E /* Debug */ = {
			isa = XCBuildConfiguration;
			buildSettings = {
				CODE_SIGN_STYLE = Automatic;
				CURRENT_PROJECT_VERSION = 1;
				DEVELOPMENT_TEAM = LKD5YP2DRM;
				GENERATE_INFOPLIST_FILE = YES;
				MARKETING_VERSION = 1.0;
				PRODUCT_BUNDLE_IDENTIFIER = com.hondamanato.GAGAUITests;
				PRODUCT_NAME = "$(TARGET_NAME)";
				SWIFT_EMIT_LOC_STRINGS = NO;
				SWIFT_VERSION = 5.0;
				TARGETED_DEVICE_FAMILY = "1,2";
				TEST_TARGET_NAME = GAGA;
			};
			name = Debug;
		};
		59A0810F2E97A8310089187E /* Release */ = {
			isa = XCBuildConfiguration;
			buildSettings = {
				CODE_SIGN_STYLE = Automatic;
				CURRENT_PROJECT_VERSION = 1;
				DEVELOPMENT_TEAM = LKD5YP2DRM;
				GENERATE_INFOPLIST_FILE = YES;
				MARKETING_VERSION = 1.0;
				PRODUCT_BUNDLE_IDENTIFIER = com.hondamanato.GAGAUITests;
				PRODUCT_NAME = "$(TARGET_NAME)";
				SWIFT_EMIT_LOC_STRINGS = NO;
				SWIFT_VERSION = 5.0;
				TARGETED_DEVICE_FAMILY = "1,2";
				TEST_TARGET_NAME = GAGA;
			};
			name = Release;
		};
/* End XCBuildConfiguration section */

/* Begin XCConfigurationList section */
		59A080E12E97A82E0089187E /* Build configuration list for PBXProject "GAGA" */ = {
			isa = XCConfigurationList;
			buildConfigurations = (
				59A081052E97A8310089187E /* Debug */,
				59A081062E97A8310089187E /* Release */,
			);
			defaultConfigurationIsVisible = 0;
			defaultConfigurationName = Release;
		};
		59A081072E97A8310089187E /* Build configuration list for PBXNativeTarget "GAGA" */ = {
			isa = XCConfigurationList;
			buildConfigurations = (
				59A081082E97A8310089187E /* Debug */,
				59A081092E97A8310089187E /* Release */,
			);
			defaultConfigurationIsVisible = 0;
			defaultConfigurationName = Release;
		};
		59A0810A2E97A8310089187E /* Build configuration list for PBXNativeTarget "GAGATests" */ = {
			isa = XCConfigurationList;
			buildConfigurations = (
				59A0810B2E97A8310089187E /* Debug */,
				59A0810C2E97A8310089187E /* Release */,
			);
			defaultConfigurationIsVisible = 0;
			defaultConfigurationName = Release;
		};
		59A0810D2E97A8310089187E /* Build configuration list for PBXNativeTarget "GAGAUITests" */ = {
			isa = XCConfigurationList;
			buildConfigurations = (
				59A0810E2E97A8310089187E /* Debug */,
				59A0810F2E97A8310089187E /* Release */,
			);
			defaultConfigurationIsVisible = 0;
			defaultConfigurationName = Release;
		};
/* End XCConfigurationList section */

/* Begin XCRemoteSwiftPackageReference section */
		59A081502E97C1CC0089187E /* XCRemoteSwiftPackageReference "firebase-ios-sdk" */ = {
			isa = XCRemoteSwiftPackageReference;
			repositoryURL = "https://github.com/firebase/firebase-ios-sdk";
			requirement = {
				kind = upToNextMajorVersion;
				minimumVersion = 12.4.0;
			};
		};
/* End XCRemoteSwiftPackageReference section */

/* Begin XCSwiftPackageProductDependency section */
		59A081512E97C1CC0089187E /* FirebaseAuth */ = {
			isa = XCSwiftPackageProductDependency;
			package = 59A081502E97C1CC0089187E /* XCRemoteSwiftPackageReference "firebase-ios-sdk" */;
			productName = FirebaseAuth;
		};
		59A081532E97C1CC0089187E /* FirebaseFirestore */ = {
			isa = XCSwiftPackageProductDependency;
			package = 59A081502E97C1CC0089187E /* XCRemoteSwiftPackageReference "firebase-ios-sdk" */;
			productName = FirebaseFirestore;
		};
		59A081552E97C1CC0089187E /* FirebaseStorage */ = {
			isa = XCSwiftPackageProductDependency;
			package = 59A081502E97C1CC0089187E /* XCRemoteSwiftPackageReference "firebase-ios-sdk" */;
			productName = FirebaseStorage;
		};
/* End XCSwiftPackageProductDependency section */
	};
	rootObject = 59A080DE2E97A82E0089187E /* Project object */;
}
